
Microsoft Visual Studio Solution File, Format Version 12.00
# Visual Studio Version 16
VisualStudioVersion = 16.0.29503.13
MinimumVisualStudioVersion = 10.0.40219.1
Project("{9A19103F-16F7-4668-BE54-9A1E7A4F7556}") = "FileWarden.Core", "FileWarden.Core\FileWarden.Core.csproj", "{C895662C-2633-4B85-8D63-B47D678AD07C}"
EndProject
Project("{9A19103F-16F7-4668-BE54-9A1E7A4F7556}") = "FileWarden.Cli", "FileWarden.Cli\FileWarden.Cli.csproj", "{286F573E-0FD8-49AE-9CDF-8E3356281E8A}"
EndProject
Project("{9A19103F-16F7-4668-BE54-9A1E7A4F7556}") = "FileWarden.Autofac", "FileWarden.Autofac\FileWarden.Autofac.csproj", "{21EC77DB-B462-4335-8661-3AD6BC6EEC55}"
EndProject
Project("{9A19103F-16F7-4668-BE54-9A1E7A4F7556}") = "FileWarden.Common", "FileWarden.Common\FileWarden.Common.csproj", "{99326920-AB2E-46AB-AA8F-CE8C64D3739E}"
EndProject
Project("{2150E333-8FDC-42A3-9474-1A3956D46DE8}") = "lib", "lib", "{57C37C8F-8877-4191-82B8-5F266EF4C91F}"
EndProject
Project("{2150E333-8FDC-42A3-9474-1A3956D46DE8}") = "commandline", "commandline", "{8CC2A216-CF97-4318-8685-357B155BE936}"
EndProject
Project("{9A19103F-16F7-4668-BE54-9A1E7A4F7556}") = "CommandLine", "..\lib\commandline\src\CommandLine\CommandLine.csproj", "{7C4C7252-AB3A-4A99-8C78-845979AA07B2}"
EndProject
Project("{2150E333-8FDC-42A3-9474-1A3956D46DE8}") = "Tests", "Tests", "{3B2B55CC-3A24-4D83-BA35-01D88534EFA3}"
EndProject
Project("{FAE04EC0-301F-11D3-BF4B-00C04F79EFBC}") = "File.Warden.Tests.Core", "..\test\File.Warden.Tests.Core\File.Warden.Tests.Core.csproj", "{104A3A4E-7651-4CBF-A37A-78B6D0CBD8EF}"
EndProject
Global
	GlobalSection(SolutionConfigurationPlatforms) = preSolution
		Debug|Any CPU = Debug|Any CPU
		Release|Any CPU = Release|Any CPU
	EndGlobalSection
	GlobalSection(ProjectConfigurationPlatforms) = postSolution
		{C895662C-2633-4B85-8D63-B47D678AD07C}.Debug|Any CPU.ActiveCfg = Debug|Any CPU
		{C895662C-2633-4B85-8D63-B47D678AD07C}.Debug|Any CPU.Build.0 = Debug|Any CPU
		{C895662C-2633-4B85-8D63-B47D678AD07C}.Release|Any CPU.ActiveCfg = Release|Any CPU
		{C895662C-2633-4B85-8D63-B47D678AD07C}.Release|Any CPU.Build.0 = Release|Any CPU
		{286F573E-0FD8-49AE-9CDF-8E3356281E8A}.Debug|Any CPU.ActiveCfg = Debug|Any CPU
		{286F573E-0FD8-49AE-9CDF-8E3356281E8A}.Debug|Any CPU.Build.0 = Debug|Any CPU
		{286F573E-0FD8-49AE-9CDF-8E3356281E8A}.Release|Any CPU.ActiveCfg = Release|Any CPU
		{286F573E-0FD8-49AE-9CDF-8E3356281E8A}.Release|Any CPU.Build.0 = Release|Any CPU
		{21EC77DB-B462-4335-8661-3AD6BC6EEC55}.Debug|Any CPU.ActiveCfg = Debug|Any CPU
		{21EC77DB-B462-4335-8661-3AD6BC6EEC55}.Debug|Any CPU.Build.0 = Debug|Any CPU
		{21EC77DB-B462-4335-8661-3AD6BC6EEC55}.Release|Any CPU.ActiveCfg = Release|Any CPU
		{21EC77DB-B462-4335-8661-3AD6BC6EEC55}.Release|Any CPU.Build.0 = Release|Any CPU
		{99326920-AB2E-46AB-AA8F-CE8C64D3739E}.Debug|Any CPU.ActiveCfg = Debug|Any CPU
		{99326920-AB2E-46AB-AA8F-CE8C64D3739E}.Debug|Any CPU.Build.0 = Debug|Any CPU
		{99326920-AB2E-46AB-AA8F-CE8C64D3739E}.Release|Any CPU.ActiveCfg = Release|Any CPU
		{99326920-AB2E-46AB-AA8F-CE8C64D3739E}.Release|Any CPU.Build.0 = Release|Any CPU
		{7C4C7252-AB3A-4A99-8C78-845979AA07B2}.Debug|Any CPU.ActiveCfg = Debug|Any CPU
		{7C4C7252-AB3A-4A99-8C78-845979AA07B2}.Debug|Any CPU.Build.0 = Debug|Any CPU
		{7C4C7252-AB3A-4A99-8C78-845979AA07B2}.Release|Any CPU.ActiveCfg = Release|Any CPU
		{7C4C7252-AB3A-4A99-8C78-845979AA07B2}.Release|Any CPU.Build.0 = Release|Any CPU
		{104A3A4E-7651-4CBF-A37A-78B6D0CBD8EF}.Debug|Any CPU.ActiveCfg = Debug|Any CPU
		{104A3A4E-7651-4CBF-A37A-78B6D0CBD8EF}.Debug|Any CPU.Build.0 = Debug|Any CPU
		{104A3A4E-7651-4CBF-A37A-78B6D0CBD8EF}.Release|Any CPU.ActiveCfg = Release|Any CPU
		{104A3A4E-7651-4CBF-A37A-78B6D0CBD8EF}.Release|Any CPU.Build.0 = Release|Any CPU
	EndGlobalSection
	GlobalSection(SolutionProperties) = preSolution
		HideSolutionNode = FALSE
	EndGlobalSection
	GlobalSection(NestedProjects) = preSolution
		{8CC2A216-CF97-4318-8685-357B155BE936} = {57C37C8F-8877-4191-82B8-5F266EF4C91F}
		{7C4C7252-AB3A-4A99-8C78-845979AA07B2} = {8CC2A216-CF97-4318-8685-357B155BE936}
		{104A3A4E-7651-4CBF-A37A-78B6D0CBD8EF} = {3B2B55CC-3A24-4D83-BA35-01D88534EFA3}
	EndGlobalSection
	GlobalSection(ExtensibilityGlobals) = postSolution
		SolutionGuid = {3B9EFA94-C7E6-4E67-A7B6-613D62E788A9}
	EndGlobalSection
EndGlobal
